
Microsoft Visual Studio Solution File, Format Version 12.00
# Visual Studio Version 17
VisualStudioVersion = 17.8.34525.116
MinimumVisualStudioVersion = 10.0.40219.1
Project("{FAE04EC0-301F-11D3-BF4B-00C04F79EFBC}") = "SignalRWithAPI", "SignalRWithAPI\SignalRWithAPI.csproj", "{EF9BD705-D918-4A7F-BBF5-EEB0232FEF3B}"
EndProject
Project("{FAE04EC0-301F-11D3-BF4B-00C04F79EFBC}") = "ApiSignalRClientMaui", "ApiSignalRClient\ApiSignalRClientMaui.csproj", "{F30F04A1-1789-4FE2-BEDE-09E7C57A8984}"
EndProject
Global
	GlobalSection(SolutionConfigurationPlatforms) = preSolution
		Debug|Any CPU = Debug|Any CPU
		Release|Any CPU = Release|Any CPU
	EndGlobalSection
	GlobalSection(ProjectConfigurationPlatforms) = postSolution
		{EF9BD705-D918-4A7F-BBF5-EEB0232FEF3B}.Debug|Any CPU.ActiveCfg = Debug|Any CPU
		{EF9BD705-D918-4A7F-BBF5-EEB0232FEF3B}.Debug|Any CPU.Build.0 = Debug|Any CPU
		{EF9BD705-D918-4A7F-BBF5-EEB0232FEF3B}.Release|Any CPU.ActiveCfg = Release|Any CPU
		{EF9BD705-D918-4A7F-BBF5-EEB0232FEF3B}.Release|Any CPU.Build.0 = Release|Any CPU
		{F30F04A1-1789-4FE2-BEDE-09E7C57A8984}.Debug|Any CPU.ActiveCfg = Debug|Any CPU
		{F30F04A1-1789-4FE2-BEDE-09E7C57A8984}.Debug|Any CPU.Build.0 = Debug|Any CPU
		{F30F04A1-1789-4FE2-BEDE-09E7C57A8984}.Debug|Any CPU.Deploy.0 = Debug|Any CPU
		{F30F04A1-1789-4FE2-BEDE-09E7C57A8984}.Release|Any CPU.ActiveCfg = Release|Any CPU
		{F30F04A1-1789-4FE2-BEDE-09E7C57A8984}.Release|Any CPU.Build.0 = Release|Any CPU
		{F30F04A1-1789-4FE2-BEDE-09E7C57A8984}.Release|Any CPU.Deploy.0 = Release|Any CPU
	EndGlobalSection
	GlobalSection(SolutionProperties) = preSolution
		HideSolutionNode = FALSE
	EndGlobalSection
	GlobalSection(ExtensibilityGlobals) = postSolution
		SolutionGuid = {C7FB375A-8E6B-4D7E-A076-EB5538F48D93}
	EndGlobalSection
EndGlobal
